
Microsoft Visual Studio Solution File, Format Version 12.00
# Visual Studio Version 17
VisualStudioVersion = 17.9.34622.214
MinimumVisualStudioVersion = 10.0.40219.1
Project("{9A19103F-16F7-4668-BE54-9A1E7A4F7556}") = "АППЗ Lab4", "АППЗ Lab4\АППЗ Lab4.csproj", "{536655A5-77A0-4B6B-8382-894563371E2B}"
EndProject
Project("{9A19103F-16F7-4668-BE54-9A1E7A4F7556}") = "АППЗ Lab4.Library", "..\АППЗ Lab4.Library\АППЗ Lab4.Library\АППЗ Lab4.Library.csproj", "{CCDA2B06-68BE-4181-A043-E9EAED2FB5D8}"
EndProject
Project("{9A19103F-16F7-4668-BE54-9A1E7A4F7556}") = "АППЗ Lab5.LibraryBLL", "..\АППЗ Lab5.ClassLibrary2\АППЗ Lab5.ClassLibrary2\АППЗ Lab5.LibraryBLL.csproj", "{7FDA7BEE-56D1-49AB-9CE0-98E6ED6BFE15}"
EndProject
Project("{FAE04EC0-301F-11D3-BF4B-00C04F79EFBC}") = "Lab6.BLL.Tests", "Lab6.BLL.Tests\Lab6.BLL.Tests.csproj", "{0FBCBC00-42C3-4862-955E-3B29CD170978}"
EndProject
Project("{FAE04EC0-301F-11D3-BF4B-00C04F79EFBC}") = "ContentLibrary.WebApi", "ContentLibrary.WebApi\ContentLibrary.WebApi.csproj", "{34A284FF-C6D8-489B-9FD7-D38348F798C0}"
EndProject
Global
	GlobalSection(SolutionConfigurationPlatforms) = preSolution
		Debug|Any CPU = Debug|Any CPU
		Release|Any CPU = Release|Any CPU
	EndGlobalSection
	GlobalSection(ProjectConfigurationPlatforms) = postSolution
		{536655A5-77A0-4B6B-8382-894563371E2B}.Debug|Any CPU.ActiveCfg = Debug|Any CPU
		{536655A5-77A0-4B6B-8382-894563371E2B}.Debug|Any CPU.Build.0 = Debug|Any CPU
		{536655A5-77A0-4B6B-8382-894563371E2B}.Release|Any CPU.ActiveCfg = Release|Any CPU
		{536655A5-77A0-4B6B-8382-894563371E2B}.Release|Any CPU.Build.0 = Release|Any CPU
		{CCDA2B06-68BE-4181-A043-E9EAED2FB5D8}.Debug|Any CPU.ActiveCfg = Debug|Any CPU
		{CCDA2B06-68BE-4181-A043-E9EAED2FB5D8}.Debug|Any CPU.Build.0 = Debug|Any CPU
		{CCDA2B06-68BE-4181-A043-E9EAED2FB5D8}.Release|Any CPU.ActiveCfg = Release|Any CPU
		{CCDA2B06-68BE-4181-A043-E9EAED2FB5D8}.Release|Any CPU.Build.0 = Release|Any CPU
		{7FDA7BEE-56D1-49AB-9CE0-98E6ED6BFE15}.Debug|Any CPU.ActiveCfg = Debug|Any CPU
		{7FDA7BEE-56D1-49AB-9CE0-98E6ED6BFE15}.Debug|Any CPU.Build.0 = Debug|Any CPU
		{7FDA7BEE-56D1-49AB-9CE0-98E6ED6BFE15}.Release|Any CPU.ActiveCfg = Release|Any CPU
		{7FDA7BEE-56D1-49AB-9CE0-98E6ED6BFE15}.Release|Any CPU.Build.0 = Release|Any CPU
		{0FBCBC00-42C3-4862-955E-3B29CD170978}.Debug|Any CPU.ActiveCfg = Debug|Any CPU
		{0FBCBC00-42C3-4862-955E-3B29CD170978}.Debug|Any CPU.Build.0 = Debug|Any CPU
		{0FBCBC00-42C3-4862-955E-3B29CD170978}.Release|Any CPU.ActiveCfg = Release|Any CPU
		{0FBCBC00-42C3-4862-955E-3B29CD170978}.Release|Any CPU.Build.0 = Release|Any CPU
		{34A284FF-C6D8-489B-9FD7-D38348F798C0}.Debug|Any CPU.ActiveCfg = Debug|Any CPU
		{34A284FF-C6D8-489B-9FD7-D38348F798C0}.Debug|Any CPU.Build.0 = Debug|Any CPU
		{34A284FF-C6D8-489B-9FD7-D38348F798C0}.Release|Any CPU.ActiveCfg = Release|Any CPU
		{34A284FF-C6D8-489B-9FD7-D38348F798C0}.Release|Any CPU.Build.0 = Release|Any CPU
	EndGlobalSection
	GlobalSection(SolutionProperties) = preSolution
		HideSolutionNode = FALSE
	EndGlobalSection
	GlobalSection(ExtensibilityGlobals) = postSolution
		SolutionGuid = {19592817-C58C-48D5-ACD8-80E3F53CFCB1}
	EndGlobalSection
EndGlobal
